
Microsoft Visual Studio Solution File, Format Version 12.00
# Visual Studio Version 16
VisualStudioVersion = 16.0.29503.13
MinimumVisualStudioVersion = 10.0.40219.1
Project("{FAE04EC0-301F-11D3-BF4B-00C04F79EFBC}") = "PicoYPlaca", "PicoYPlaca\PicoYPlaca.csproj", "{231C7F3D-F7B7-49AB-BD1D-1843076E4116}"
EndProject
Project("{FAE04EC0-301F-11D3-BF4B-00C04F79EFBC}") = "PicoYPlaca.Util", "PicoYPlaca.Util\PicoYPlaca.Util.csproj", "{1B248019-A992-4CDD-899F-CD5C297BFF42}"
EndProject
Project("{FAE04EC0-301F-11D3-BF4B-00C04F79EFBC}") = "PicoYPlaca.Tests", "PicoYPlaca.Tests\PicoYPlaca.Tests.csproj", "{3754C3C3-B5F5-4EA0-89D6-DEC7C712651C}"
EndProject
Global
	GlobalSection(SolutionConfigurationPlatforms) = preSolution
		Debug|Any CPU = Debug|Any CPU
		Release|Any CPU = Release|Any CPU
	EndGlobalSection
	GlobalSection(ProjectConfigurationPlatforms) = postSolution
		{231C7F3D-F7B7-49AB-BD1D-1843076E4116}.Debug|Any CPU.ActiveCfg = Debug|Any CPU
		{231C7F3D-F7B7-49AB-BD1D-1843076E4116}.Debug|Any CPU.Build.0 = Debug|Any CPU
		{231C7F3D-F7B7-49AB-BD1D-1843076E4116}.Release|Any CPU.ActiveCfg = Release|Any CPU
		{231C7F3D-F7B7-49AB-BD1D-1843076E4116}.Release|Any CPU.Build.0 = Release|Any CPU
		{1B248019-A992-4CDD-899F-CD5C297BFF42}.Debug|Any CPU.ActiveCfg = Debug|Any CPU
		{1B248019-A992-4CDD-899F-CD5C297BFF42}.Debug|Any CPU.Build.0 = Debug|Any CPU
		{1B248019-A992-4CDD-899F-CD5C297BFF42}.Release|Any CPU.ActiveCfg = Release|Any CPU
		{1B248019-A992-4CDD-899F-CD5C297BFF42}.Release|Any CPU.Build.0 = Release|Any CPU
		{3754C3C3-B5F5-4EA0-89D6-DEC7C712651C}.Debug|Any CPU.ActiveCfg = Debug|Any CPU
		{3754C3C3-B5F5-4EA0-89D6-DEC7C712651C}.Debug|Any CPU.Build.0 = Debug|Any CPU
		{3754C3C3-B5F5-4EA0-89D6-DEC7C712651C}.Release|Any CPU.ActiveCfg = Release|Any CPU
		{3754C3C3-B5F5-4EA0-89D6-DEC7C712651C}.Release|Any CPU.Build.0 = Release|Any CPU
	EndGlobalSection
	GlobalSection(SolutionProperties) = preSolution
		HideSolutionNode = FALSE
	EndGlobalSection
	GlobalSection(ExtensibilityGlobals) = postSolution
		SolutionGuid = {451AD8ED-C3AD-4969-AD37-57520E2E7B6E}
	EndGlobalSection
EndGlobal
